{
  "requires": true,
  "lockfileVersion": 1,
  "dependencies": {
    "modelina": {
      "version": "file:",
      "requires": {
        "modelina": "file:"
      },
      "dependencies": {
        "@asyncapi/modelina": {
          "version": "0.45.0",
          "resolved": "https://registry.npmjs.org/@asyncapi/modelina/-/modelina-0.45.0.tgz",
          "integrity": "sha512-iA0SUw+pSklICc3FQqOfNMYdiShm3xFB8k59Lr1pSfaatsO6tyiXxcPUY71Kb0XeAYuf38pE08joJFAMUPCSRQ==",
          "dependencies": {
            "@asyncapi/modelina": {
              "version": "0.45.0",
              "resolved": "https://registry.npmjs.org/@asyncapi/modelina/-/modelina-0.45.0.tgz",
              "integrity": "sha512-iA0SUw+pSklICc3FQqOfNMYdiShm3xFB8k59Lr1pSfaatsO6tyiXxcPUY71Kb0XeAYuf38pE08joJFAMUPCSRQ=="
            }
          }
        }
      }
    }
  }
}
